
Microsoft Visual Studio Solution File, Format Version 12.00
Project("{FAE04EC0-301F-11D3-BF4B-00C04F79EFBC}") = "ExpenseTrancker", "ExpenseTrancker\ExpenseTrancker.csproj", "{ADB7A4F7-027F-46D1-B0C7-5B552C90C0C7}"
EndProject
Global
	GlobalSection(SolutionConfigurationPlatforms) = preSolution
		Debug|Any CPU = Debug|Any CPU
		Release|Any CPU = Release|Any CPU
	EndGlobalSection
	GlobalSection(ProjectConfigurationPlatforms) = postSolution
		{ADB7A4F7-027F-46D1-B0C7-5B552C90C0C7}.Debug|Any CPU.ActiveCfg = Debug|Any CPU
		{ADB7A4F7-027F-46D1-B0C7-5B552C90C0C7}.Debug|Any CPU.Build.0 = Debug|Any CPU
		{ADB7A4F7-027F-46D1-B0C7-5B552C90C0C7}.Release|Any CPU.ActiveCfg = Release|Any CPU
		{ADB7A4F7-027F-46D1-B0C7-5B552C90C0C7}.Release|Any CPU.Build.0 = Release|Any CPU
	EndGlobalSection
EndGlobal
